// !$*UTF8*$!
{
	archiveVersion = 1;
	classes = {
	};
	objectVersion = 56;
	objects = {

/* Begin PBXBuildFile section */
		A10570E22B168398000AE090 /* CalculatorEngine.swift in Sources */ = {isa = PBXBuildFile; fileRef = A10570E12B168398000AE090 /* CalculatorEngine.swift */; };
		A12B69F92B1C95FB00C55C9E /* MathInputController.swift in Sources */ = {isa = PBXBuildFile; fileRef = A12B69F82B1C95FB00C55C9E /* MathInputController.swift */; };
		A12B71D02B152A620008D90D /* MathEquation.swift in Sources */ = {isa = PBXBuildFile; fileRef = A12B71CF2B152A620008D90D /* MathEquation.swift */; };
		A139D22E2B0DB3F100EDA099 /* CalculatorTheme.swift in Sources */ = {isa = PBXBuildFile; fileRef = A139D22D2B0DB3F100EDA099 /* CalculatorTheme.swift */; };
		A139D2302B0DB49900EDA099 /* UIColor+HexValue.swift in Sources */ = {isa = PBXBuildFile; fileRef = A139D22F2B0DB49900EDA099 /* UIColor+HexValue.swift */; };
		A1F52C212AFD791900C74AC0 /* AppDelegate.swift in Sources */ = {isa = PBXBuildFile; fileRef = A1F52C202AFD791900C74AC0 /* AppDelegate.swift */; };
		A1F52C232AFD791900C74AC0 /* SceneDelegate.swift in Sources */ = {isa = PBXBuildFile; fileRef = A1F52C222AFD791900C74AC0 /* SceneDelegate.swift */; };
		A1F52C252AFD791900C74AC0 /* CalculatorViewController.swift in Sources */ = {isa = PBXBuildFile; fileRef = A1F52C242AFD791900C74AC0 /* CalculatorViewController.swift */; };
		A1F52C282AFD791900C74AC0 /* Main.storyboard in Resources */ = {isa = PBXBuildFile; fileRef = A1F52C262AFD791900C74AC0 /* Main.storyboard */; };
		A1F52C2A2AFD791C00C74AC0 /* Assets.xcassets in Resources */ = {isa = PBXBuildFile; fileRef = A1F52C292AFD791C00C74AC0 /* Assets.xcassets */; };
		A1F52C2D2AFD791C00C74AC0 /* LaunchScreen.storyboard in Resources */ = {isa = PBXBuildFile; fileRef = A1F52C2B2AFD791C00C74AC0 /* LaunchScreen.storyboard */; };
		A1F52C382AFD791C00C74AC0 /* MathEquationTests.swift in Sources */ = {isa = PBXBuildFile; fileRef = A1F52C372AFD791C00C74AC0 /* MathEquationTests.swift */; };
/* End PBXBuildFile section */

/* Begin PBXContainerItemProxy section */
		A1F52C342AFD791C00C74AC0 /* PBXContainerItemProxy */ = {
			isa = PBXContainerItemProxy;
			containerPortal = A1F52C152AFD791900C74AC0 /* Project object */;
			proxyType = 1;
			remoteGlobalIDString = A1F52C1C2AFD791900C74AC0;
			remoteInfo = CalculatorX;
		};
		A1F52C3E2AFD791C00C74AC0 /* PBXContainerItemProxy */ = {
			isa = PBXContainerItemProxy;
			containerPortal = A1F52C152AFD791900C74AC0 /* Project object */;
			proxyType = 1;
			remoteGlobalIDString = A1F52C1C2AFD791900C74AC0;
			remoteInfo = CalculatorX;
		};
/* End PBXContainerItemProxy section */

/* Begin PBXFileReference section */
		A10570E12B168398000AE090 /* CalculatorEngine.swift */ = {isa = PBXFileReference; fileEncoding = 4; lastKnownFileType = sourcecode.swift; path = CalculatorEngine.swift; sourceTree = "<group>"; };
		A12B69F82B1C95FB00C55C9E /* MathInputController.swift */ = {isa = PBXFileReference; lastKnownFileType = sourcecode.swift; path = MathInputController.swift; sourceTree = "<group>"; };
		A12B71CF2B152A620008D90D /* MathEquation.swift */ = {isa = PBXFileReference; lastKnownFileType = sourcecode.swift; path = MathEquation.swift; sourceTree = "<group>"; };
		A139D22D2B0DB3F100EDA099 /* CalculatorTheme.swift */ = {isa = PBXFileReference; lastKnownFileType = sourcecode.swift; path = CalculatorTheme.swift; sourceTree = "<group>"; };
		A139D22F2B0DB49900EDA099 /* UIColor+HexValue.swift */ = {isa = PBXFileReference; fileEncoding = 4; lastKnownFileType = sourcecode.swift; path = "UIColor+HexValue.swift"; sourceTree = "<group>"; };
		A1F52C1D2AFD791900C74AC0 /* CalculatorX.app */ = {isa = PBXFileReference; explicitFileType = wrapper.application; includeInIndex = 0; path = CalculatorX.app; sourceTree = BUILT_PRODUCTS_DIR; };
		A1F52C202AFD791900C74AC0 /* AppDelegate.swift */ = {isa = PBXFileReference; lastKnownFileType = sourcecode.swift; path = AppDelegate.swift; sourceTree = "<group>"; };
		A1F52C222AFD791900C74AC0 /* SceneDelegate.swift */ = {isa = PBXFileReference; lastKnownFileType = sourcecode.swift; path = SceneDelegate.swift; sourceTree = "<group>"; };
		A1F52C242AFD791900C74AC0 /* CalculatorViewController.swift */ = {isa = PBXFileReference; lastKnownFileType = sourcecode.swift; path = CalculatorViewController.swift; sourceTree = "<group>"; };
		A1F52C272AFD791900C74AC0 /* Base */ = {isa = PBXFileReference; lastKnownFileType = file.storyboard; name = Base; path = Base.lproj/Main.storyboard; sourceTree = "<group>"; };
		A1F52C292AFD791C00C74AC0 /* Assets.xcassets */ = {isa = PBXFileReference; lastKnownFileType = folder.assetcatalog; path = Assets.xcassets; sourceTree = "<group>"; };
		A1F52C2C2AFD791C00C74AC0 /* Base */ = {isa = PBXFileReference; lastKnownFileType = file.storyboard; name = Base; path = Base.lproj/LaunchScreen.storyboard; sourceTree = "<group>"; };
		A1F52C2E2AFD791C00C74AC0 /* Info.plist */ = {isa = PBXFileReference; lastKnownFileType = text.plist.xml; path = Info.plist; sourceTree = "<group>"; };
		A1F52C332AFD791C00C74AC0 /* CalculatorXTests.xctest */ = {isa = PBXFileReference; explicitFileType = wrapper.cfbundle; includeInIndex = 0; path = CalculatorXTests.xctest; sourceTree = BUILT_PRODUCTS_DIR; };
		A1F52C372AFD791C00C74AC0 /* MathEquationTests.swift */ = {isa = PBXFileReference; lastKnownFileType = sourcecode.swift; path = MathEquationTests.swift; sourceTree = "<group>"; };
		A1F52C3D2AFD791C00C74AC0 /* CalculatorXUITests.xctest */ = {isa = PBXFileReference; explicitFileType = wrapper.cfbundle; includeInIndex = 0; path = CalculatorXUITests.xctest; sourceTree = BUILT_PRODUCTS_DIR; };
/* End PBXFileReference section */

/* Begin PBXFrameworksBuildPhase section */
		A1F52C1A2AFD791900C74AC0 /* Frameworks */ = {
			isa = PBXFrameworksBuildPhase;
			buildActionMask = 2147483647;
			files = (
			);
			runOnlyForDeploymentPostprocessing = 0;
		};
		A1F52C302AFD791C00C74AC0 /* Frameworks */ = {
			isa = PBXFrameworksBuildPhase;
			buildActionMask = 2147483647;
			files = (
			);
			runOnlyForDeploymentPostprocessing = 0;
		};
		A1F52C3A2AFD791C00C74AC0 /* Frameworks */ = {
			isa = PBXFrameworksBuildPhase;
			buildActionMask = 2147483647;
			files = (
			);
			runOnlyForDeploymentPostprocessing = 0;
		};
/* End PBXFrameworksBuildPhase section */

/* Begin PBXGroup section */
		A11FDCBB2B1854D600C46587 /* Presentation Layer */ = {
			isa = PBXGroup;
			children = (
				A11FDCBC2B18552B00C46587 /* UIKit Extension */,
				A1F52C202AFD791900C74AC0 /* AppDelegate.swift */,
				A1F52C222AFD791900C74AC0 /* SceneDelegate.swift */,
				A11FDCBD2B18556C00C46587 /* UIViewControllers */,
				A11FDCBE2B18558700C46587 /* Storyboards */,
			);
			path = "Presentation Layer";
			sourceTree = "<group>";
		};
		A11FDCBC2B18552B00C46587 /* UIKit Extension */ = {
			isa = PBXGroup;
			children = (
				A139D22F2B0DB49900EDA099 /* UIColor+HexValue.swift */,
			);
			path = "UIKit Extension";
			sourceTree = "<group>";
		};
		A11FDCBD2B18556C00C46587 /* UIViewControllers */ = {
			isa = PBXGroup;
			children = (
				A1F52C242AFD791900C74AC0 /* CalculatorViewController.swift */,
			);
			path = UIViewControllers;
			sourceTree = "<group>";
		};
		A11FDCBE2B18558700C46587 /* Storyboards */ = {
			isa = PBXGroup;
			children = (
				A1F52C262AFD791900C74AC0 /* Main.storyboard */,
				A1F52C2B2AFD791C00C74AC0 /* LaunchScreen.storyboard */,
			);
			path = Storyboards;
			sourceTree = "<group>";
		};
		A11FDCBF2B1855B900C46587 /* Business Logic Layer */ = {
			isa = PBXGroup;
			children = (
				A10570E12B168398000AE090 /* CalculatorEngine.swift */,
				A12B69F82B1C95FB00C55C9E /* MathInputController.swift */,
			);
			path = "Business Logic Layer";
			sourceTree = "<group>";
		};
		A11FDCC02B1855EA00C46587 /* Data Layer */ = {
			isa = PBXGroup;
			children = (
				A139D22D2B0DB3F100EDA099 /* CalculatorTheme.swift */,
				A12B71CF2B152A620008D90D /* MathEquation.swift */,
			);
			path = "Data Layer";
			sourceTree = "<group>";
		};
		A1F52C142AFD791900C74AC0 = {
			isa = PBXGroup;
			children = (
				A1F52C1F2AFD791900C74AC0 /* CalculatorX */,
				A1F52C362AFD791C00C74AC0 /* CalculatorXTests */,
				A1F52C1E2AFD791900C74AC0 /* Products */,
			);
			sourceTree = "<group>";
		};
		A1F52C1E2AFD791900C74AC0 /* Products */ = {
			isa = PBXGroup;
			children = (
				A1F52C1D2AFD791900C74AC0 /* CalculatorX.app */,
				A1F52C332AFD791C00C74AC0 /* CalculatorXTests.xctest */,
				A1F52C3D2AFD791C00C74AC0 /* CalculatorXUITests.xctest */,
			);
			name = Products;
			sourceTree = "<group>";
		};
		A1F52C1F2AFD791900C74AC0 /* CalculatorX */ = {
			isa = PBXGroup;
			children = (
				A11FDCBB2B1854D600C46587 /* Presentation Layer */,
				A11FDCBF2B1855B900C46587 /* Business Logic Layer */,
				A11FDCC02B1855EA00C46587 /* Data Layer */,
				A1F52C292AFD791C00C74AC0 /* Assets.xcassets */,
				A1F52C2E2AFD791C00C74AC0 /* Info.plist */,
			);
			path = CalculatorX;
			sourceTree = "<group>";
		};
		A1F52C362AFD791C00C74AC0 /* CalculatorXTests */ = {
			isa = PBXGroup;
			children = (
				A1F52C372AFD791C00C74AC0 /* MathEquationTests.swift */,
			);
			path = CalculatorXTests;
			sourceTree = "<group>";
		};
/* End PBXGroup section */

/* Begin PBXNativeTarget section */
		A1F52C1C2AFD791900C74AC0 /* CalculatorX */ = {
			isa = PBXNativeTarget;
			buildConfigurationList = A1F52C472AFD791C00C74AC0 /* Build configuration list for PBXNativeTarget "CalculatorX" */;
			buildPhases = (
				A1F52C192AFD791900C74AC0 /* Sources */,
				A1F52C1A2AFD791900C74AC0 /* Frameworks */,
				A1F52C1B2AFD791900C74AC0 /* Resources */,
			);
			buildRules = (
			);
			dependencies = (
			);
			name = CalculatorX;
			productName = CalculatorX;
			productReference = A1F52C1D2AFD791900C74AC0 /* CalculatorX.app */;
			productType = "com.apple.product-type.application";
		};
		A1F52C322AFD791C00C74AC0 /* CalculatorXTests */ = {
			isa = PBXNativeTarget;
			buildConfigurationList = A1F52C4A2AFD791C00C74AC0 /* Build configuration list for PBXNativeTarget "CalculatorXTests" */;
			buildPhases = (
				A1F52C2F2AFD791C00C74AC0 /* Sources */,
				A1F52C302AFD791C00C74AC0 /* Frameworks */,
				A1F52C312AFD791C00C74AC0 /* Resources */,
			);
			buildRules = (
			);
			dependencies = (
				A1F52C352AFD791C00C74AC0 /* PBXTargetDependency */,
			);
			name = CalculatorXTests;
			productName = CalculatorXTests;
			productReference = A1F52C332AFD791C00C74AC0 /* CalculatorXTests.xctest */;
			productType = "com.apple.product-type.bundle.unit-test";
		};
		A1F52C3C2AFD791C00C74AC0 /* CalculatorXUITests */ = {
			isa = PBXNativeTarget;
			buildConfigurationList = A1F52C4D2AFD791C00C74AC0 /* Build configuration list for PBXNativeTarget "CalculatorXUITests" */;
			buildPhases = (
				A1F52C392AFD791C00C74AC0 /* Sources */,
				A1F52C3A2AFD791C00C74AC0 /* Frameworks */,
				A1F52C3B2AFD791C00C74AC0 /* Resources */,
			);
			buildRules = (
			);
			dependencies = (
				A1F52C3F2AFD791C00C74AC0 /* PBXTargetDependency */,
			);
			name = CalculatorXUITests;
			productName = CalculatorXUITests;
			productReference = A1F52C3D2AFD791C00C74AC0 /* CalculatorXUITests.xctest */;
			productType = "com.apple.product-type.bundle.ui-testing";
		};
/* End PBXNativeTarget section */

/* Begin PBXProject section */
		A1F52C152AFD791900C74AC0 /* Project object */ = {
			isa = PBXProject;
			attributes = {
				BuildIndependentTargetsInParallel = 1;
				LastSwiftUpdateCheck = 1420;
				LastUpgradeCheck = 1420;
				TargetAttributes = {
					A1F52C1C2AFD791900C74AC0 = {
						CreatedOnToolsVersion = 14.2;
					};
					A1F52C322AFD791C00C74AC0 = {
						CreatedOnToolsVersion = 14.2;
						TestTargetID = A1F52C1C2AFD791900C74AC0;
					};
					A1F52C3C2AFD791C00C74AC0 = {
						CreatedOnToolsVersion = 14.2;
						TestTargetID = A1F52C1C2AFD791900C74AC0;
					};
				};
			};
			buildConfigurationList = A1F52C182AFD791900C74AC0 /* Build configuration list for PBXProject "CalculatorX" */;
			compatibilityVersion = "Xcode 14.0";
			developmentRegion = en;
			hasScannedForEncodings = 0;
			knownRegions = (
				en,
				Base,
			);
			mainGroup = A1F52C142AFD791900C74AC0;
			productRefGroup = A1F52C1E2AFD791900C74AC0 /* Products */;
			projectDirPath = "";
			projectRoot = "";
			targets = (
				A1F52C1C2AFD791900C74AC0 /* CalculatorX */,
				A1F52C322AFD791C00C74AC0 /* CalculatorXTests */,
				A1F52C3C2AFD791C00C74AC0 /* CalculatorXUITests */,
			);
		};
/* End PBXProject section */

/* Begin PBXResourcesBuildPhase section */
		A1F52C1B2AFD791900C74AC0 /* Resources */ = {
			isa = PBXResourcesBuildPhase;
			buildActionMask = 2147483647;
			files = (
				A1F52C2D2AFD791C00C74AC0 /* LaunchScreen.storyboard in Resources */,
				A1F52C2A2AFD791C00C74AC0 /* Assets.xcassets in Resources */,
				A1F52C282AFD791900C74AC0 /* Main.storyboard in Resources */,
			);
			runOnlyForDeploymentPostprocessing = 0;
		};
		A1F52C312AFD791C00C74AC0 /* Resources */ = {
			isa = PBXResourcesBuildPhase;
			buildActionMask = 2147483647;
			files = (
			);
			runOnlyForDeploymentPostprocessing = 0;
		};
		A1F52C3B2AFD791C00C74AC0 /* Resources */ = {
			isa = PBXResourcesBuildPhase;
			buildActionMask = 2147483647;
			files = (
			);
			runOnlyForDeploymentPostprocessing = 0;
		};
/* End PBXResourcesBuildPhase section */

/* Begin PBXSourcesBuildPhase section */
		A1F52C192AFD791900C74AC0 /* Sources */ = {
			isa = PBXSourcesBuildPhase;
			buildActionMask = 2147483647;
			files = (
				A139D2302B0DB49900EDA099 /* UIColor+HexValue.swift in Sources */,
				A12B71D02B152A620008D90D /* MathEquation.swift in Sources */,
				A12B69F92B1C95FB00C55C9E /* MathInputController.swift in Sources */,
				A1F52C252AFD791900C74AC0 /* CalculatorViewController.swift in Sources */,
				A139D22E2B0DB3F100EDA099 /* CalculatorTheme.swift in Sources */,
				A1F52C212AFD791900C74AC0 /* AppDelegate.swift in Sources */,
				A10570E22B168398000AE090 /* CalculatorEngine.swift in Sources */,
				A1F52C232AFD791900C74AC0 /* SceneDelegate.swift in Sources */,
			);
			runOnlyForDeploymentPostprocessing = 0;
		};
		A1F52C2F2AFD791C00C74AC0 /* Sources */ = {
			isa = PBXSourcesBuildPhase;
			buildActionMask = 2147483647;
			files = (
				A1F52C382AFD791C00C74AC0 /* MathEquationTests.swift in Sources */,
			);
			runOnlyForDeploymentPostprocessing = 0;
		};
		A1F52C392AFD791C00C74AC0 /* Sources */ = {
			isa = PBXSourcesBuildPhase;
			buildActionMask = 2147483647;
			files = (
			);
			runOnlyForDeploymentPostprocessing = 0;
		};
/* End PBXSourcesBuildPhase section */

/* Begin PBXTargetDependency section */
		A1F52C352AFD791C00C74AC0 /* PBXTargetDependency */ = {
			isa = PBXTargetDependency;
			target = A1F52C1C2AFD791900C74AC0 /* CalculatorX */;
			targetProxy = A1F52C342AFD791C00C74AC0 /* PBXContainerItemProxy */;
		};
		A1F52C3F2AFD791C00C74AC0 /* PBXTargetDependency */ = {
			isa = PBXTargetDependency;
			target = A1F52C1C2AFD791900C74AC0 /* CalculatorX */;
			targetProxy = A1F52C3E2AFD791C00C74AC0 /* PBXContainerItemProxy */;
		};
/* End PBXTargetDependency section */

/* Begin PBXVariantGroup section */
		A1F52C262AFD791900C74AC0 /* Main.storyboard */ = {
			isa = PBXVariantGroup;
			children = (
				A1F52C272AFD791900C74AC0 /* Base */,
			);
			name = Main.storyboard;
			sourceTree = "<group>";
		};
		A1F52C2B2AFD791C00C74AC0 /* LaunchScreen.storyboard */ = {
			isa = PBXVariantGroup;
			children = (
				A1F52C2C2AFD791C00C74AC0 /* Base */,
			);
			name = LaunchScreen.storyboard;
			sourceTree = "<group>";
		};
/* End PBXVariantGroup section */

/* Begin XCBuildConfiguration section */
		A1F52C452AFD791C00C74AC0 /* Debug */ = {
			isa = XCBuildConfiguration;
			buildSettings = {
				ALWAYS_SEARCH_USER_PATHS = NO;
				CLANG_ANALYZER_NONNULL = YES;
				CLANG_ANALYZER_NUMBER_OBJECT_CONVERSION = YES_AGGRESSIVE;
				CLANG_CXX_LANGUAGE_STANDARD = "gnu++20";
				CLANG_ENABLE_MODULES = YES;
				CLANG_ENABLE_OBJC_ARC = YES;
				CLANG_ENABLE_OBJC_WEAK = YES;
				CLANG_WARN_BLOCK_CAPTURE_AUTORELEASING = YES;
				CLANG_WARN_BOOL_CONVERSION = YES;
				CLANG_WARN_COMMA = YES;
				CLANG_WARN_CONSTANT_CONVERSION = YES;
				CLANG_WARN_DEPRECATED_OBJC_IMPLEMENTATIONS = YES;
				CLANG_WARN_DIRECT_OBJC_ISA_USAGE = YES_ERROR;
				CLANG_WARN_DOCUMENTATION_COMMENTS = YES;
				CLANG_WARN_EMPTY_BODY = YES;
				CLANG_WARN_ENUM_CONVERSION = YES;
				CLANG_WARN_INFINITE_RECURSION = YES;
				CLANG_WARN_INT_CONVERSION = YES;
				CLANG_WARN_NON_LITERAL_NULL_CONVERSION = YES;
				CLANG_WARN_OBJC_IMPLICIT_RETAIN_SELF = YES;
				CLANG_WARN_OBJC_LITERAL_CONVERSION = YES;
				CLANG_WARN_OBJC_ROOT_CLASS = YES_ERROR;
				CLANG_WARN_QUOTED_INCLUDE_IN_FRAMEWORK_HEADER = YES;
				CLANG_WARN_RANGE_LOOP_ANALYSIS = YES;
				CLANG_WARN_STRICT_PROTOTYPES = YES;
				CLANG_WARN_SUSPICIOUS_MOVE = YES;
				CLANG_WARN_UNGUARDED_AVAILABILITY = YES_AGGRESSIVE;
				CLANG_WARN_UNREACHABLE_CODE = YES;
				CLANG_WARN__DUPLICATE_METHOD_MATCH = YES;
				COPY_PHASE_STRIP = NO;
				DEBUG_INFORMATION_FORMAT = dwarf;
				ENABLE_STRICT_OBJC_MSGSEND = YES;
				ENABLE_TESTABILITY = YES;
				GCC_C_LANGUAGE_STANDARD = gnu11;
				GCC_DYNAMIC_NO_PIC = NO;
				GCC_NO_COMMON_BLOCKS = YES;
				GCC_OPTIMIZATION_LEVEL = 0;
				GCC_PREPROCESSOR_DEFINITIONS = (
					"DEBUG=1",
					"$(inherited)",
				);
				GCC_WARN_64_TO_32_BIT_CONVERSION = YES;
				GCC_WARN_ABOUT_RETURN_TYPE = YES_ERROR;
				GCC_WARN_UNDECLARED_SELECTOR = YES;
				GCC_WARN_UNINITIALIZED_AUTOS = YES_AGGRESSIVE;
				GCC_WARN_UNUSED_FUNCTION = YES;
				GCC_WARN_UNUSED_VARIABLE = YES;
				IPHONEOS_DEPLOYMENT_TARGET = 16.2;
				MTL_ENABLE_DEBUG_INFO = INCLUDE_SOURCE;
				MTL_FAST_MATH = YES;
				ONLY_ACTIVE_ARCH = YES;
				SDKROOT = iphoneos;
				SWIFT_ACTIVE_COMPILATION_CONDITIONS = DEBUG;
				SWIFT_OPTIMIZATION_LEVEL = "-Onone";
			};
			name = Debug;
		};
		A1F52C462AFD791C00C74AC0 /* Release */ = {
			isa = XCBuildConfiguration;
			buildSettings = {
				ALWAYS_SEARCH_USER_PATHS = NO;
				CLANG_ANALYZER_NONNULL = YES;
				CLANG_ANALYZER_NUMBER_OBJECT_CONVERSION = YES_AGGRESSIVE;
				CLANG_CXX_LANGUAGE_STANDARD = "gnu++20";
				CLANG_ENABLE_MODULES = YES;
				CLANG_ENABLE_OBJC_ARC = YES;
				CLANG_ENABLE_OBJC_WEAK = YES;
				CLANG_WARN_BLOCK_CAPTURE_AUTORELEASING = YES;
				CLANG_WARN_BOOL_CONVERSION = YES;
				CLANG_WARN_COMMA = YES;
				CLANG_WARN_CONSTANT_CONVERSION = YES;
				CLANG_WARN_DEPRECATED_OBJC_IMPLEMENTATIONS = YES;
				CLANG_WARN_DIRECT_OBJC_ISA_USAGE = YES_ERROR;
				CLANG_WARN_DOCUMENTATION_COMMENTS = YES;
				CLANG_WARN_EMPTY_BODY = YES;
				CLANG_WARN_ENUM_CONVERSION = YES;
				CLANG_WARN_INFINITE_RECURSION = YES;
				CLANG_WARN_INT_CONVERSION = YES;
				CLANG_WARN_NON_LITERAL_NULL_CONVERSION = YES;
				CLANG_WARN_OBJC_IMPLICIT_RETAIN_SELF = YES;
				CLANG_WARN_OBJC_LITERAL_CONVERSION = YES;
				CLANG_WARN_OBJC_ROOT_CLASS = YES_ERROR;
				CLANG_WARN_QUOTED_INCLUDE_IN_FRAMEWORK_HEADER = YES;
				CLANG_WARN_RANGE_LOOP_ANALYSIS = YES;
				CLANG_WARN_STRICT_PROTOTYPES = YES;
				CLANG_WARN_SUSPICIOUS_MOVE = YES;
				CLANG_WARN_UNGUARDED_AVAILABILITY = YES_AGGRESSIVE;
				CLANG_WARN_UNREACHABLE_CODE = YES;
				CLANG_WARN__DUPLICATE_METHOD_MATCH = YES;
				COPY_PHASE_STRIP = NO;
				DEBUG_INFORMATION_FORMAT = "dwarf-with-dsym";
				ENABLE_NS_ASSERTIONS = NO;
				ENABLE_STRICT_OBJC_MSGSEND = YES;
				GCC_C_LANGUAGE_STANDARD = gnu11;
				GCC_NO_COMMON_BLOCKS = YES;
				GCC_WARN_64_TO_32_BIT_CONVERSION = YES;
				GCC_WARN_ABOUT_RETURN_TYPE = YES_ERROR;
				GCC_WARN_UNDECLARED_SELECTOR = YES;
				GCC_WARN_UNINITIALIZED_AUTOS = YES_AGGRESSIVE;
				GCC_WARN_UNUSED_FUNCTION = YES;
				GCC_WARN_UNUSED_VARIABLE = YES;
				IPHONEOS_DEPLOYMENT_TARGET = 16.2;
				MTL_ENABLE_DEBUG_INFO = NO;
				MTL_FAST_MATH = YES;
				SDKROOT = iphoneos;
				SWIFT_COMPILATION_MODE = wholemodule;
				SWIFT_OPTIMIZATION_LEVEL = "-O";
				VALIDATE_PRODUCT = YES;
			};
			name = Release;
		};
		A1F52C482AFD791C00C74AC0 /* Debug */ = {
			isa = XCBuildConfiguration;
			buildSettings = {
				ASSETCATALOG_COMPILER_APPICON_NAME = AppIcon;
				ASSETCATALOG_COMPILER_GLOBAL_ACCENT_COLOR_NAME = AccentColor;
				CODE_SIGN_STYLE = Automatic;
				CURRENT_PROJECT_VERSION = 1;
				DEVELOPMENT_TEAM = WG878R7E23;
				GENERATE_INFOPLIST_FILE = YES;
				INFOPLIST_FILE = CalculatorX/Info.plist;
				INFOPLIST_KEY_UIApplicationSupportsIndirectInputEvents = YES;
				INFOPLIST_KEY_UILaunchStoryboardName = LaunchScreen;
				INFOPLIST_KEY_UIMainStoryboardFile = Main;
				INFOPLIST_KEY_UISupportedInterfaceOrientations_iPad = "UIInterfaceOrientationPortrait UIInterfaceOrientationPortraitUpsideDown UIInterfaceOrientationLandscapeLeft UIInterfaceOrientationLandscapeRight";
				INFOPLIST_KEY_UISupportedInterfaceOrientations_iPhone = "UIInterfaceOrientationPortrait UIInterfaceOrientationLandscapeLeft UIInterfaceOrientationLandscapeRight";
				IPHONEOS_DEPLOYMENT_TARGET = 15.2;
				LD_RUNPATH_SEARCH_PATHS = (
					"$(inherited)",
					"@executable_path/Frameworks",
				);
				MARKETING_VERSION = 1.0;
				PRODUCT_BUNDLE_IDENTIFIER = com.luissantanderdev.CalculatorX;
				PRODUCT_NAME = "$(TARGET_NAME)";
				SWIFT_EMIT_LOC_STRINGS = YES;
				SWIFT_VERSION = 5.0;
				TARGETED_DEVICE_FAMILY = "1,2";
			};
			name = Debug;
		};
		A1F52C492AFD791C00C74AC0 /* Release */ = {
			isa = XCBuildConfiguration;
			buildSettings = {
				ASSETCATALOG_COMPILER_APPICON_NAME = AppIcon;
				ASSETCATALOG_COMPILER_GLOBAL_ACCENT_COLOR_NAME = AccentColor;
				CODE_SIGN_STYLE = Automatic;
				CURRENT_PROJECT_VERSION = 1;
				DEVELOPMENT_TEAM = WG878R7E23;
				GENERATE_INFOPLIST_FILE = YES;
				INFOPLIST_FILE = CalculatorX/Info.plist;
				INFOPLIST_KEY_UIApplicationSupportsIndirectInputEvents = YES;
				INFOPLIST_KEY_UILaunchStoryboardName = LaunchScreen;
				INFOPLIST_KEY_UIMainStoryboardFile = Main;
				INFOPLIST_KEY_UISupportedInterfaceOrientations_iPad = "UIInterfaceOrientationPortrait UIInterfaceOrientationPortraitUpsideDown UIInterfaceOrientationLandscapeLeft UIInterfaceOrientationLandscapeRight";
				INFOPLIST_KEY_UISupportedInterfaceOrientations_iPhone = "UIInterfaceOrientationPortrait UIInterfaceOrientationLandscapeLeft UIInterfaceOrientationLandscapeRight";
				IPHONEOS_DEPLOYMENT_TARGET = 15.2;
				LD_RUNPATH_SEARCH_PATHS = (
					"$(inherited)",
					"@executable_path/Frameworks",
				);
				MARKETING_VERSION = 1.0;
				PRODUCT_BUNDLE_IDENTIFIER = com.luissantanderdev.CalculatorX;
				PRODUCT_NAME = "$(TARGET_NAME)";
				SWIFT_EMIT_LOC_STRINGS = YES;
				SWIFT_VERSION = 5.0;
				TARGETED_DEVICE_FAMILY = "1,2";
			};
			name = Release;
		};
		A1F52C4B2AFD791C00C74AC0 /* Debug */ = {
			isa = XCBuildConfiguration;
			buildSettings = {
				ALWAYS_EMBED_SWIFT_STANDARD_LIBRARIES = YES;
				BUNDLE_LOADER = "$(TEST_HOST)";
				CODE_SIGN_STYLE = Automatic;
				CURRENT_PROJECT_VERSION = 1;
				DEVELOPMENT_TEAM = WG878R7E23;
				GENERATE_INFOPLIST_FILE = YES;
				IPHONEOS_DEPLOYMENT_TARGET = 16.2;
				MARKETING_VERSION = 1.0;
				PRODUCT_BUNDLE_IDENTIFIER = com.luissantanderdev.CalculatorXTests;
				PRODUCT_NAME = "$(TARGET_NAME)";
				SWIFT_EMIT_LOC_STRINGS = NO;
				SWIFT_VERSION = 5.0;
				TARGETED_DEVICE_FAMILY = "1,2";
				TEST_HOST = "$(BUILT_PRODUCTS_DIR)/CalculatorX.app/$(BUNDLE_EXECUTABLE_FOLDER_PATH)/CalculatorX";
			};
			name = Debug;
		};
		A1F52C4C2AFD791C00C74AC0 /* Release */ = {
			isa = XCBuildConfiguration;
			buildSettings = {
				ALWAYS_EMBED_SWIFT_STANDARD_LIBRARIES = YES;
				BUNDLE_LOADER = "$(TEST_HOST)";
				CODE_SIGN_STYLE = Automatic;
				CURRENT_PROJECT_VERSION = 1;
				DEVELOPMENT_TEAM = WG878R7E23;
				GENERATE_INFOPLIST_FILE = YES;
				IPHONEOS_DEPLOYMENT_TARGET = 16.2;
				MARKETING_VERSION = 1.0;
				PRODUCT_BUNDLE_IDENTIFIER = com.luissantanderdev.CalculatorXTests;
				PRODUCT_NAME = "$(TARGET_NAME)";
				SWIFT_EMIT_LOC_STRINGS = NO;
				SWIFT_VERSION = 5.0;
				TARGETED_DEVICE_FAMILY = "1,2";
				TEST_HOST = "$(BUILT_PRODUCTS_DIR)/CalculatorX.app/$(BUNDLE_EXECUTABLE_FOLDER_PATH)/CalculatorX";
			};
			name = Release;
		};
		A1F52C4E2AFD791C00C74AC0 /* Debug */ = {
			isa = XCBuildConfiguration;
			buildSettings = {
				ALWAYS_EMBED_SWIFT_STANDARD_LIBRARIES = YES;
				CODE_SIGN_STYLE = Automatic;
				CURRENT_PROJECT_VERSION = 1;
				DEVELOPMENT_TEAM = WG878R7E23;
				GENERATE_INFOPLIST_FILE = YES;
				MARKETING_VERSION = 1.0;
				PRODUCT_BUNDLE_IDENTIFIER = com.luissantanderdev.CalculatorXUITests;
				PRODUCT_NAME = "$(TARGET_NAME)";
				SWIFT_EMIT_LOC_STRINGS = NO;
				SWIFT_VERSION = 5.0;
				TARGETED_DEVICE_FAMILY = "1,2";
				TEST_TARGET_NAME = CalculatorX;
			};
			name = Debug;
		};
		A1F52C4F2AFD791C00C74AC0 /* Release */ = {
			isa = XCBuildConfiguration;
			buildSettings = {
				ALWAYS_EMBED_SWIFT_STANDARD_LIBRARIES = YES;
				CODE_SIGN_STYLE = Automatic;
				CURRENT_PROJECT_VERSION = 1;
				DEVELOPMENT_TEAM = WG878R7E23;
				GENERATE_INFOPLIST_FILE = YES;
				MARKETING_VERSION = 1.0;
				PRODUCT_BUNDLE_IDENTIFIER = com.luissantanderdev.CalculatorXUITests;
				PRODUCT_NAME = "$(TARGET_NAME)";
				SWIFT_EMIT_LOC_STRINGS = NO;
				SWIFT_VERSION = 5.0;
				TARGETED_DEVICE_FAMILY = "1,2";
				TEST_TARGET_NAME = CalculatorX;
			};
			name = Release;
		};
/* End XCBuildConfiguration section */

/* Begin XCConfigurationList section */
		A1F52C182AFD791900C74AC0 /* Build configuration list for PBXProject "CalculatorX" */ = {
			isa = XCConfigurationList;
			buildConfigurations = (
				A1F52C452AFD791C00C74AC0 /* Debug */,
				A1F52C462AFD791C00C74AC0 /* Release */,
			);
			defaultConfigurationIsVisible = 0;
			defaultConfigurationName = Release;
		};
		A1F52C472AFD791C00C74AC0 /* Build configuration list for PBXNativeTarget "CalculatorX" */ = {
			isa = XCConfigurationList;
			buildConfigurations = (
				A1F52C482AFD791C00C74AC0 /* Debug */,
				A1F52C492AFD791C00C74AC0 /* Release */,
			);
			defaultConfigurationIsVisible = 0;
			defaultConfigurationName = Release;
		};
		A1F52C4A2AFD791C00C74AC0 /* Build configuration list for PBXNativeTarget "CalculatorXTests" */ = {
			isa = XCConfigurationList;
			buildConfigurations = (
				A1F52C4B2AFD791C00C74AC0 /* Debug */,
				A1F52C4C2AFD791C00C74AC0 /* Release */,
			);
			defaultConfigurationIsVisible = 0;
			defaultConfigurationName = Release;
		};
		A1F52C4D2AFD791C00C74AC0 /* Build configuration list for PBXNativeTarget "CalculatorXUITests" */ = {
			isa = XCConfigurationList;
			buildConfigurations = (
				A1F52C4E2AFD791C00C74AC0 /* Debug */,
				A1F52C4F2AFD791C00C74AC0 /* Release */,
			);
			defaultConfigurationIsVisible = 0;
			defaultConfigurationName = Release;
		};
/* End XCConfigurationList section */
	};
	rootObject = A1F52C152AFD791900C74AC0 /* Project object */;
}
